
Microsoft Visual Studio Solution File, Format Version 12.00
# Visual Studio Version 17
VisualStudioVersion = 17.7.34202.233
MinimumVisualStudioVersion = 10.0.40219.1
Project("{9A19103F-16F7-4668-BE54-9A1E7A4F7556}") = "BoplModSyncer", "BoplModSyncer\BoplModSyncer.csproj", "{E2A05D8B-BEBC-485F-9947-F893381D7148}"
EndProject
Project("{9A19103F-16F7-4668-BE54-9A1E7A4F7556}") = "BoplBattleTemplate", "BoplBattleTemplate\BoplBattleTemplate.csproj", "{D7578153-103E-4EB1-93CA-BFCEFE3299A6}"
EndProject
Project("{9A19103F-16F7-4668-BE54-9A1E7A4F7556}") = "AtomGrenade", "AtomGrenade\AtomGrenade.csproj", "{72F1148E-8D29-4681-8F16-80D17F6758C2}"
EndProject
Project("{9A19103F-16F7-4668-BE54-9A1E7A4F7556}") = "NoMapBounds", "NoMapBounds\NoMapBounds.csproj", "{27620746-80D6-4E64-A62F-45775F8DC201}"
EndProject
Project("{9A19103F-16F7-4668-BE54-9A1E7A4F7556}") = "BoplTranslator", "BoplTranslator\BoplTranslator.csproj", "{86D58A68-0A34-4532-B249-03340EA85D5E}"
EndProject
Project("{9A19103F-16F7-4668-BE54-9A1E7A4F7556}") = "NoCloneCap", "NoCloneCap\NoCloneCap.csproj", "{63BB20E1-BD6A-487E-AE7C-65EF3897CEC6}"
EndProject
Project("{9A19103F-16F7-4668-BE54-9A1E7A4F7556}") = "WhoseThisTeleport", "WhoseThisTeleport\WhoseThisTeleport.csproj", "{B6D7CE2B-45CF-417D-A055-FC85E0FA3645}"
EndProject
Project("{9A19103F-16F7-4668-BE54-9A1E7A4F7556}") = "ModSettingsMenu", "ModSettingsMenu\ModSettingsMenu.csproj", "{2DB41FEC-7E45-4758-906E-D8795FB305DD}"
EndProject
Project("{9A19103F-16F7-4668-BE54-9A1E7A4F7556}") = "RecursiveGrenade", "RecursiveGrenade\RecursiveGrenade.csproj", "{88F94C75-A82D-435D-ABE1-1E0D5DFFAD7A}"
EndProject
Project("{2150E333-8FDC-42A3-9474-1A3956D46DE8}") = "Solution Items", "Solution Items", "{01726689-B16C-4E0A-B337-F76DCFF4CA1F}"
	ProjectSection(SolutionItems) = preProject
		README.md = README.md
	EndProjectSection
EndProject
Project("{9A19103F-16F7-4668-BE54-9A1E7A4F7556}") = "NoAutoShrink", "NoAutoShrink\NoAutoShrink.csproj", "{2FFABDD9-794E-434B-BE2E-4DECFE33C577}"
EndProject
Project("{9A19103F-16F7-4668-BE54-9A1E7A4F7556}") = "BoplUtils", "BoplUtils\BoplUtils.csproj", "{53C6D6AD-3888-476C-AF85-A1D13B2D7C00}"
EndProject
Project("{9A19103F-16F7-4668-BE54-9A1E7A4F7556}") = "AbilityRandomizer", "AbilityRandomizer\AbilityRandomizer.csproj", "{C960ADB0-4DCF-4440-8261-B9AC03D6036C}"
EndProject
Global
	GlobalSection(SolutionConfigurationPlatforms) = preSolution
		Debug|Any CPU = Debug|Any CPU
		Release|Any CPU = Release|Any CPU
		Thunderstore|Any CPU = Thunderstore|Any CPU
	EndGlobalSection
	GlobalSection(ProjectConfigurationPlatforms) = postSolution
		{E2A05D8B-BEBC-485F-9947-F893381D7148}.Debug|Any CPU.ActiveCfg = Debug|Any CPU
		{E2A05D8B-BEBC-485F-9947-F893381D7148}.Debug|Any CPU.Build.0 = Debug|Any CPU
		{E2A05D8B-BEBC-485F-9947-F893381D7148}.Release|Any CPU.ActiveCfg = Release|Any CPU
		{E2A05D8B-BEBC-485F-9947-F893381D7148}.Release|Any CPU.Build.0 = Release|Any CPU
		{E2A05D8B-BEBC-485F-9947-F893381D7148}.Thunderstore|Any CPU.ActiveCfg = Thunderstore|Any CPU
		{E2A05D8B-BEBC-485F-9947-F893381D7148}.Thunderstore|Any CPU.Build.0 = Thunderstore|Any CPU
		{D7578153-103E-4EB1-93CA-BFCEFE3299A6}.Debug|Any CPU.ActiveCfg = Debug|Any CPU
		{D7578153-103E-4EB1-93CA-BFCEFE3299A6}.Debug|Any CPU.Build.0 = Debug|Any CPU
		{D7578153-103E-4EB1-93CA-BFCEFE3299A6}.Release|Any CPU.ActiveCfg = Release|Any CPU
		{D7578153-103E-4EB1-93CA-BFCEFE3299A6}.Release|Any CPU.Build.0 = Release|Any CPU
		{D7578153-103E-4EB1-93CA-BFCEFE3299A6}.Thunderstore|Any CPU.ActiveCfg = Thunderstore|Any CPU
		{D7578153-103E-4EB1-93CA-BFCEFE3299A6}.Thunderstore|Any CPU.Build.0 = Thunderstore|Any CPU
		{72F1148E-8D29-4681-8F16-80D17F6758C2}.Debug|Any CPU.ActiveCfg = Debug|Any CPU
		{72F1148E-8D29-4681-8F16-80D17F6758C2}.Debug|Any CPU.Build.0 = Debug|Any CPU
		{72F1148E-8D29-4681-8F16-80D17F6758C2}.Release|Any CPU.ActiveCfg = Release|Any CPU
		{72F1148E-8D29-4681-8F16-80D17F6758C2}.Release|Any CPU.Build.0 = Release|Any CPU
		{72F1148E-8D29-4681-8F16-80D17F6758C2}.Thunderstore|Any CPU.ActiveCfg = Thunderstore|Any CPU
		{72F1148E-8D29-4681-8F16-80D17F6758C2}.Thunderstore|Any CPU.Build.0 = Thunderstore|Any CPU
		{27620746-80D6-4E64-A62F-45775F8DC201}.Debug|Any CPU.ActiveCfg = Debug|Any CPU
		{27620746-80D6-4E64-A62F-45775F8DC201}.Debug|Any CPU.Build.0 = Debug|Any CPU
		{27620746-80D6-4E64-A62F-45775F8DC201}.Release|Any CPU.ActiveCfg = Release|Any CPU
		{27620746-80D6-4E64-A62F-45775F8DC201}.Release|Any CPU.Build.0 = Release|Any CPU
		{27620746-80D6-4E64-A62F-45775F8DC201}.Thunderstore|Any CPU.ActiveCfg = Thunderstore|Any CPU
		{27620746-80D6-4E64-A62F-45775F8DC201}.Thunderstore|Any CPU.Build.0 = Thunderstore|Any CPU
		{86D58A68-0A34-4532-B249-03340EA85D5E}.Debug|Any CPU.ActiveCfg = Debug|Any CPU
		{86D58A68-0A34-4532-B249-03340EA85D5E}.Debug|Any CPU.Build.0 = Debug|Any CPU
		{86D58A68-0A34-4532-B249-03340EA85D5E}.Release|Any CPU.ActiveCfg = Release|Any CPU
		{86D58A68-0A34-4532-B249-03340EA85D5E}.Release|Any CPU.Build.0 = Release|Any CPU
		{86D58A68-0A34-4532-B249-03340EA85D5E}.Thunderstore|Any CPU.ActiveCfg = Thunderstore|Any CPU
		{86D58A68-0A34-4532-B249-03340EA85D5E}.Thunderstore|Any CPU.Build.0 = Thunderstore|Any CPU
		{63BB20E1-BD6A-487E-AE7C-65EF3897CEC6}.Debug|Any CPU.ActiveCfg = Debug|Any CPU
		{63BB20E1-BD6A-487E-AE7C-65EF3897CEC6}.Debug|Any CPU.Build.0 = Debug|Any CPU
		{63BB20E1-BD6A-487E-AE7C-65EF3897CEC6}.Release|Any CPU.ActiveCfg = Release|Any CPU
		{63BB20E1-BD6A-487E-AE7C-65EF3897CEC6}.Release|Any CPU.Build.0 = Release|Any CPU
		{63BB20E1-BD6A-487E-AE7C-65EF3897CEC6}.Thunderstore|Any CPU.ActiveCfg = Thunderstore|Any CPU
		{63BB20E1-BD6A-487E-AE7C-65EF3897CEC6}.Thunderstore|Any CPU.Build.0 = Thunderstore|Any CPU
		{B6D7CE2B-45CF-417D-A055-FC85E0FA3645}.Debug|Any CPU.ActiveCfg = Debug|Any CPU
		{B6D7CE2B-45CF-417D-A055-FC85E0FA3645}.Debug|Any CPU.Build.0 = Debug|Any CPU
		{B6D7CE2B-45CF-417D-A055-FC85E0FA3645}.Release|Any CPU.ActiveCfg = Release|Any CPU
		{B6D7CE2B-45CF-417D-A055-FC85E0FA3645}.Release|Any CPU.Build.0 = Release|Any CPU
		{B6D7CE2B-45CF-417D-A055-FC85E0FA3645}.Thunderstore|Any CPU.ActiveCfg = Thunderstore|Any CPU
		{B6D7CE2B-45CF-417D-A055-FC85E0FA3645}.Thunderstore|Any CPU.Build.0 = Thunderstore|Any CPU
		{2DB41FEC-7E45-4758-906E-D8795FB305DD}.Debug|Any CPU.ActiveCfg = Debug|Any CPU
		{2DB41FEC-7E45-4758-906E-D8795FB305DD}.Debug|Any CPU.Build.0 = Debug|Any CPU
		{2DB41FEC-7E45-4758-906E-D8795FB305DD}.Release|Any CPU.ActiveCfg = Release|Any CPU
		{2DB41FEC-7E45-4758-906E-D8795FB305DD}.Release|Any CPU.Build.0 = Release|Any CPU
		{2DB41FEC-7E45-4758-906E-D8795FB305DD}.Thunderstore|Any CPU.ActiveCfg = Thunderstore|Any CPU
		{2DB41FEC-7E45-4758-906E-D8795FB305DD}.Thunderstore|Any CPU.Build.0 = Thunderstore|Any CPU
		{88F94C75-A82D-435D-ABE1-1E0D5DFFAD7A}.Debug|Any CPU.ActiveCfg = Debug|Any CPU
		{88F94C75-A82D-435D-ABE1-1E0D5DFFAD7A}.Debug|Any CPU.Build.0 = Debug|Any CPU
		{88F94C75-A82D-435D-ABE1-1E0D5DFFAD7A}.Release|Any CPU.ActiveCfg = Release|Any CPU
		{88F94C75-A82D-435D-ABE1-1E0D5DFFAD7A}.Release|Any CPU.Build.0 = Release|Any CPU
		{88F94C75-A82D-435D-ABE1-1E0D5DFFAD7A}.Thunderstore|Any CPU.ActiveCfg = Thunderstore|Any CPU
		{88F94C75-A82D-435D-ABE1-1E0D5DFFAD7A}.Thunderstore|Any CPU.Build.0 = Thunderstore|Any CPU
		{2FFABDD9-794E-434B-BE2E-4DECFE33C577}.Debug|Any CPU.ActiveCfg = Debug|Any CPU
		{2FFABDD9-794E-434B-BE2E-4DECFE33C577}.Debug|Any CPU.Build.0 = Debug|Any CPU
		{2FFABDD9-794E-434B-BE2E-4DECFE33C577}.Release|Any CPU.ActiveCfg = Release|Any CPU
		{2FFABDD9-794E-434B-BE2E-4DECFE33C577}.Release|Any CPU.Build.0 = Release|Any CPU
		{2FFABDD9-794E-434B-BE2E-4DECFE33C577}.Thunderstore|Any CPU.ActiveCfg = Thunderstore|Any CPU
		{2FFABDD9-794E-434B-BE2E-4DECFE33C577}.Thunderstore|Any CPU.Build.0 = Thunderstore|Any CPU
		{53C6D6AD-3888-476C-AF85-A1D13B2D7C00}.Debug|Any CPU.ActiveCfg = Debug|Any CPU
		{53C6D6AD-3888-476C-AF85-A1D13B2D7C00}.Debug|Any CPU.Build.0 = Debug|Any CPU
		{53C6D6AD-3888-476C-AF85-A1D13B2D7C00}.Release|Any CPU.ActiveCfg = Release|Any CPU
		{53C6D6AD-3888-476C-AF85-A1D13B2D7C00}.Release|Any CPU.Build.0 = Release|Any CPU
		{53C6D6AD-3888-476C-AF85-A1D13B2D7C00}.Thunderstore|Any CPU.ActiveCfg = Thunderstore|Any CPU
		{53C6D6AD-3888-476C-AF85-A1D13B2D7C00}.Thunderstore|Any CPU.Build.0 = Thunderstore|Any CPU
		{C960ADB0-4DCF-4440-8261-B9AC03D6036C}.Debug|Any CPU.ActiveCfg = Debug|Any CPU
		{C960ADB0-4DCF-4440-8261-B9AC03D6036C}.Debug|Any CPU.Build.0 = Debug|Any CPU
		{C960ADB0-4DCF-4440-8261-B9AC03D6036C}.Release|Any CPU.ActiveCfg = Release|Any CPU
		{C960ADB0-4DCF-4440-8261-B9AC03D6036C}.Release|Any CPU.Build.0 = Release|Any CPU
		{C960ADB0-4DCF-4440-8261-B9AC03D6036C}.Thunderstore|Any CPU.ActiveCfg = Thunderstore|Any CPU
		{C960ADB0-4DCF-4440-8261-B9AC03D6036C}.Thunderstore|Any CPU.Build.0 = Thunderstore|Any CPU
	EndGlobalSection
	GlobalSection(SolutionProperties) = preSolution
		HideSolutionNode = FALSE
	EndGlobalSection
	GlobalSection(ExtensibilityGlobals) = postSolution
		SolutionGuid = {24B2FA73-B67D-4EEF-8B5D-E1DCC0275508}
	EndGlobalSection
EndGlobal
